
Microsoft Visual Studio Solution File, Format Version 12.00
# Visual Studio Version 17
VisualStudioVersion = 17.0.31903.59
MinimumVisualStudioVersion = 10.0.40219.1
Project("{2150E333-8FDC-42A3-9474-1A3956D46DE8}") = "xx-Esercitazioni", "xx-Esercitazioni", "{BCCE0FA6-2F24-4B84-B00E-555E414A6146}"
EndProject
Project("{FAE04EC0-301F-11D3-BF4B-00C04F79EFBC}") = "01_metodi-console", "xx-Esercitazioni\01_metodi-console\01_metodi-console.csproj", "{05C0E73D-EE4E-45F7-95A2-E3538DD4B482}"
EndProject
Project("{FAE04EC0-301F-11D3-BF4B-00C04F79EFBC}") = "02_tipi-di-dati", "xx-Esercitazioni\02_tipi-di-dati\02_tipi-di-dati.csproj", "{4B45D115-52D9-4981-ADFD-36F23D161A79}"
EndProject
Project("{FAE04EC0-301F-11D3-BF4B-00C04F79EFBC}") = "03_operatori", "xx-Esercitazioni\03_operatori\03_operatori.csproj", "{F562E2A3-4D17-4875-97EE-74D1EDC5DD9F}"
EndProject
Project("{FAE04EC0-301F-11D3-BF4B-00C04F79EFBC}") = "04_condizioni", "xx-Esercitazioni\04_condizioni\04_condizioni.csproj", "{9E9B8151-DF34-4198-BD71-AC405DA2492E}"
EndProject
Project("{FAE04EC0-301F-11D3-BF4B-00C04F79EFBC}") = "05_cicli", "xx-Esercitazioni\05_cicli\05_cicli.csproj", "{D38E7204-E75C-44DE-BAF0-B2272436039D}"
EndProject
Project("{FAE04EC0-301F-11D3-BF4B-00C04F79EFBC}") = "06_metodi-array", "xx-Esercitazioni\06_metodi-array\06_metodi-array.csproj", "{B85B9573-DB65-470B-9EE7-DEB7BA26FA7E}"
EndProject
Project("{FAE04EC0-301F-11D3-BF4B-00C04F79EFBC}") = "07_metodi-list", "xx-Esercitazioni\07_metodi-list\07_metodi-list.csproj", "{48A63854-D187-4A91-8CCE-95B001536631}"
EndProject
Project("{2150E333-8FDC-42A3-9474-1A3956D46DE8}") = "Assignement", "Assignement", "{C7D08AF8-3F9D-47F8-AF21-DDB6892ABE38}"
EndProject
Project("{FAE04EC0-301F-11D3-BF4B-00C04F79EFBC}") = "01_indovina-numero", "Assignement\01_indovina-numero\01_indovina-numero.csproj", "{DA68AB8D-B427-409E-B32D-06856F8A7C25}"
EndProject
Project("{FAE04EC0-301F-11D3-BF4B-00C04F79EFBC}") = "08_metodi-dizionario", "xx-Esercitazioni\08_metodi-dizionario\08_metodi-dizionario.csproj", "{3A733450-B073-4226-B8FD-191D3D19F77D}"
EndProject
Global
	GlobalSection(SolutionConfigurationPlatforms) = preSolution
		Debug|Any CPU = Debug|Any CPU
		Release|Any CPU = Release|Any CPU
	EndGlobalSection
	GlobalSection(SolutionProperties) = preSolution
		HideSolutionNode = FALSE
	EndGlobalSection
	GlobalSection(ProjectConfigurationPlatforms) = postSolution
		{05C0E73D-EE4E-45F7-95A2-E3538DD4B482}.Debug|Any CPU.ActiveCfg = Debug|Any CPU
		{05C0E73D-EE4E-45F7-95A2-E3538DD4B482}.Debug|Any CPU.Build.0 = Debug|Any CPU
		{05C0E73D-EE4E-45F7-95A2-E3538DD4B482}.Release|Any CPU.ActiveCfg = Release|Any CPU
		{05C0E73D-EE4E-45F7-95A2-E3538DD4B482}.Release|Any CPU.Build.0 = Release|Any CPU
		{4B45D115-52D9-4981-ADFD-36F23D161A79}.Debug|Any CPU.ActiveCfg = Debug|Any CPU
		{4B45D115-52D9-4981-ADFD-36F23D161A79}.Debug|Any CPU.Build.0 = Debug|Any CPU
		{4B45D115-52D9-4981-ADFD-36F23D161A79}.Release|Any CPU.ActiveCfg = Release|Any CPU
		{4B45D115-52D9-4981-ADFD-36F23D161A79}.Release|Any CPU.Build.0 = Release|Any CPU
		{F562E2A3-4D17-4875-97EE-74D1EDC5DD9F}.Debug|Any CPU.ActiveCfg = Debug|Any CPU
		{F562E2A3-4D17-4875-97EE-74D1EDC5DD9F}.Debug|Any CPU.Build.0 = Debug|Any CPU
		{F562E2A3-4D17-4875-97EE-74D1EDC5DD9F}.Release|Any CPU.ActiveCfg = Release|Any CPU
		{F562E2A3-4D17-4875-97EE-74D1EDC5DD9F}.Release|Any CPU.Build.0 = Release|Any CPU
		{9E9B8151-DF34-4198-BD71-AC405DA2492E}.Debug|Any CPU.ActiveCfg = Debug|Any CPU
		{9E9B8151-DF34-4198-BD71-AC405DA2492E}.Debug|Any CPU.Build.0 = Debug|Any CPU
		{9E9B8151-DF34-4198-BD71-AC405DA2492E}.Release|Any CPU.ActiveCfg = Release|Any CPU
		{9E9B8151-DF34-4198-BD71-AC405DA2492E}.Release|Any CPU.Build.0 = Release|Any CPU
		{D38E7204-E75C-44DE-BAF0-B2272436039D}.Debug|Any CPU.ActiveCfg = Debug|Any CPU
		{D38E7204-E75C-44DE-BAF0-B2272436039D}.Debug|Any CPU.Build.0 = Debug|Any CPU
		{D38E7204-E75C-44DE-BAF0-B2272436039D}.Release|Any CPU.ActiveCfg = Release|Any CPU
		{D38E7204-E75C-44DE-BAF0-B2272436039D}.Release|Any CPU.Build.0 = Release|Any CPU
		{B85B9573-DB65-470B-9EE7-DEB7BA26FA7E}.Debug|Any CPU.ActiveCfg = Debug|Any CPU
		{B85B9573-DB65-470B-9EE7-DEB7BA26FA7E}.Debug|Any CPU.Build.0 = Debug|Any CPU
		{B85B9573-DB65-470B-9EE7-DEB7BA26FA7E}.Release|Any CPU.ActiveCfg = Release|Any CPU
		{B85B9573-DB65-470B-9EE7-DEB7BA26FA7E}.Release|Any CPU.Build.0 = Release|Any CPU
		{48A63854-D187-4A91-8CCE-95B001536631}.Debug|Any CPU.ActiveCfg = Debug|Any CPU
		{48A63854-D187-4A91-8CCE-95B001536631}.Debug|Any CPU.Build.0 = Debug|Any CPU
		{48A63854-D187-4A91-8CCE-95B001536631}.Release|Any CPU.ActiveCfg = Release|Any CPU
		{48A63854-D187-4A91-8CCE-95B001536631}.Release|Any CPU.Build.0 = Release|Any CPU
		{DA68AB8D-B427-409E-B32D-06856F8A7C25}.Debug|Any CPU.ActiveCfg = Debug|Any CPU
		{DA68AB8D-B427-409E-B32D-06856F8A7C25}.Debug|Any CPU.Build.0 = Debug|Any CPU
		{DA68AB8D-B427-409E-B32D-06856F8A7C25}.Release|Any CPU.ActiveCfg = Release|Any CPU
		{DA68AB8D-B427-409E-B32D-06856F8A7C25}.Release|Any CPU.Build.0 = Release|Any CPU
		{3A733450-B073-4226-B8FD-191D3D19F77D}.Debug|Any CPU.ActiveCfg = Debug|Any CPU
		{3A733450-B073-4226-B8FD-191D3D19F77D}.Debug|Any CPU.Build.0 = Debug|Any CPU
		{3A733450-B073-4226-B8FD-191D3D19F77D}.Release|Any CPU.ActiveCfg = Release|Any CPU
		{3A733450-B073-4226-B8FD-191D3D19F77D}.Release|Any CPU.Build.0 = Release|Any CPU
	EndGlobalSection
	GlobalSection(NestedProjects) = preSolution
		{05C0E73D-EE4E-45F7-95A2-E3538DD4B482} = {BCCE0FA6-2F24-4B84-B00E-555E414A6146}
		{4B45D115-52D9-4981-ADFD-36F23D161A79} = {BCCE0FA6-2F24-4B84-B00E-555E414A6146}
		{F562E2A3-4D17-4875-97EE-74D1EDC5DD9F} = {BCCE0FA6-2F24-4B84-B00E-555E414A6146}
		{9E9B8151-DF34-4198-BD71-AC405DA2492E} = {BCCE0FA6-2F24-4B84-B00E-555E414A6146}
		{D38E7204-E75C-44DE-BAF0-B2272436039D} = {BCCE0FA6-2F24-4B84-B00E-555E414A6146}
		{B85B9573-DB65-470B-9EE7-DEB7BA26FA7E} = {BCCE0FA6-2F24-4B84-B00E-555E414A6146}
		{48A63854-D187-4A91-8CCE-95B001536631} = {BCCE0FA6-2F24-4B84-B00E-555E414A6146}
		{DA68AB8D-B427-409E-B32D-06856F8A7C25} = {C7D08AF8-3F9D-47F8-AF21-DDB6892ABE38}
		{3A733450-B073-4226-B8FD-191D3D19F77D} = {BCCE0FA6-2F24-4B84-B00E-555E414A6146}
	EndGlobalSection
EndGlobal
