
Microsoft Visual Studio Solution File, Format Version 12.00
# Visual Studio Version 17
VisualStudioVersion = 17.0.31903.59
MinimumVisualStudioVersion = 10.0.40219.1
Project("{2150E333-8FDC-42A3-9474-1A3956D46DE8}") = "xx-Esercitazioni", "xx-Esercitazioni", "{BCCE0FA6-2F24-4B84-B00E-555E414A6146}"
EndProject
Project("{FAE04EC0-301F-11D3-BF4B-00C04F79EFBC}") = "01_metodi-console", "xx-Esercitazioni\01_metodi-console\01_metodi-console.csproj", "{05C0E73D-EE4E-45F7-95A2-E3538DD4B482}"
EndProject
Project("{FAE04EC0-301F-11D3-BF4B-00C04F79EFBC}") = "02_tipi-di-dati", "xx-Esercitazioni\02_tipi-di-dati\02_tipi-di-dati.csproj", "{4B45D115-52D9-4981-ADFD-36F23D161A79}"
EndProject
Project("{FAE04EC0-301F-11D3-BF4B-00C04F79EFBC}") = "03_operatori", "xx-Esercitazioni\03_operatori\03_operatori.csproj", "{F562E2A3-4D17-4875-97EE-74D1EDC5DD9F}"
EndProject
Project("{FAE04EC0-301F-11D3-BF4B-00C04F79EFBC}") = "04_condizioni", "xx-Esercitazioni\04_condizioni\04_condizioni.csproj", "{9E9B8151-DF34-4198-BD71-AC405DA2492E}"
EndProject
Project("{FAE04EC0-301F-11D3-BF4B-00C04F79EFBC}") = "05_cicli", "xx-Esercitazioni\05_cicli\05_cicli.csproj", "{D38E7204-E75C-44DE-BAF0-B2272436039D}"
EndProject
Project("{FAE04EC0-301F-11D3-BF4B-00C04F79EFBC}") = "06_metodi-array", "xx-Esercitazioni\06_metodi-array\06_metodi-array.csproj", "{B85B9573-DB65-470B-9EE7-DEB7BA26FA7E}"
EndProject
Project("{FAE04EC0-301F-11D3-BF4B-00C04F79EFBC}") = "07_metodi-list", "xx-Esercitazioni\07_metodi-list\07_metodi-list.csproj", "{48A63854-D187-4A91-8CCE-95B001536631}"
EndProject
Project("{2150E333-8FDC-42A3-9474-1A3956D46DE8}") = "Assignement", "Assignement", "{C7D08AF8-3F9D-47F8-AF21-DDB6892ABE38}"
EndProject
Project("{FAE04EC0-301F-11D3-BF4B-00C04F79EFBC}") = "01_indovina-numero", "Assignement\01_indovina-numero\01_indovina-numero.csproj", "{DA68AB8D-B427-409E-B32D-06856F8A7C25}"
EndProject
Project("{FAE04EC0-301F-11D3-BF4B-00C04F79EFBC}") = "08_metodi-dizionario", "xx-Esercitazioni\08_metodi-dizionario\08_metodi-dizionario.csproj", "{3A733450-B073-4226-B8FD-191D3D19F77D}"
EndProject
Project("{FAE04EC0-301F-11D3-BF4B-00C04F79EFBC}") = "02-sorteggio-partecipanti", "Assignement\02-sorteggio-partecipanti\02-sorteggio-partecipanti.csproj", "{FF8D7874-5DC6-4E2E-976A-B90069232B3B}"
EndProject
Project("{FAE04EC0-301F-11D3-BF4B-00C04F79EFBC}") = "09_dates", "xx-Esercitazioni\09_dates\09_dates.csproj", "{08598D49-D172-47D1-9B3D-158AA49E0D52}"
EndProject
Project("{FAE04EC0-301F-11D3-BF4B-00C04F79EFBC}") = "10_math", "xx-Esercitazioni\10_math\10_math.csproj", "{12B56C84-EFF3-4E66-BEA8-EF61B2235B51}"
EndProject
Project("{FAE04EC0-301F-11D3-BF4B-00C04F79EFBC}") = "11_gestione-eccezioni", "xx-Esercitazioni\11_gestione-eccezioni\11_gestione-eccezioni.csproj", "{B00107EC-D5B0-438B-9908-C798060D6E3C}"
EndProject
Project("{FAE04EC0-301F-11D3-BF4B-00C04F79EFBC}") = "03_Calcolatrice", "Assignement\03_Calcolatrice\03_Calcolatrice.csproj", "{6C6B6796-DD2F-42C6-9CA1-FA7D8323B46E}"
EndProject
Project("{FAE04EC0-301F-11D3-BF4B-00C04F79EFBC}") = "12_funzioni", "xx-Esercitazioni\12_funzioni\12_funzioni.csproj", "{9C266FDE-1279-4613-8157-75F874F495EB}"
EndProject
Project("{FAE04EC0-301F-11D3-BF4B-00C04F79EFBC}") = "04_Calcolatrice-con-funzioni", "Assignement\04_Calcolatrice-con-funzioni\04_Calcolatrice-con-funzioni.csproj", "{C251B666-81BD-46E5-8D92-B93078BFF4EB}"
EndProject
Project("{FAE04EC0-301F-11D3-BF4B-00C04F79EFBC}") = "05_sorteggio-partecipanti-con-funzioni", "Assignement\05_sorteggio-partecipanti-con-funzioni\05_sorteggio-partecipanti-con-funzioni.csproj", "{E069E514-0A32-4AEF-8FFE-986F8C242E8B}"
EndProject
Project("{FAE04EC0-301F-11D3-BF4B-00C04F79EFBC}") = "07_gioco-dadi", "Assignement\07_gioco-dadi\07_gioco-dadi.csproj", "{B67BB8DA-9A36-4171-9D3B-E0ACCFED5484}"
EndProject
Project("{FAE04EC0-301F-11D3-BF4B-00C04F79EFBC}") = "06_metodi-strings", "xx-Esercitazioni\06_metodi-strings\06_metodi-strings.csproj", "{00DDFFA8-BA9D-4652-BC72-4AAF0D7C5D33}"
EndProject
Project("{FAE04EC0-301F-11D3-BF4B-00C04F79EFBC}") = "08_supermercato", "Assignement\08_supermercato\08_supermercato.csproj", "{330B6994-2F1B-45D2-B078-FB8AC79CFC74}"
EndProject
Project("{FAE04EC0-301F-11D3-BF4B-00C04F79EFBC}") = "09_generatore-password", "Assignement\09_generatore-password\09_generatore-password.csproj", "{7B75CC94-FA40-4C38-A202-72BA6EA1BB40}"
EndProject
Project("{FAE04EC0-301F-11D3-BF4B-00C04F79EFBC}") = "10_inserimento-dati", "Assignement\10_inserimento-dati\10_inserimento-dati.csproj", "{1C8A0402-7FA3-492E-847E-89C4D9935895}"
EndProject
Project("{FAE04EC0-301F-11D3-BF4B-00C04F79EFBC}") = "11_metodo-verifica-input-generico", "Assignement\11_metodo-verifica-input-generico\11_metodo-verifica-input-generico.csproj", "{0FEE2059-0F09-4F5A-85E7-6EC82A818FCE}"
EndProject
Project("{FAE04EC0-301F-11D3-BF4B-00C04F79EFBC}") = "13_verifica-competenze-1", "Assignement\13_verifica-competenze-1\13_verifica-competenze-1.csproj", "{88210EC8-053A-46A5-BC9F-B771090058B5}"
EndProject
Project("{FAE04EC0-301F-11D3-BF4B-00C04F79EFBC}") = "14_persistenza-txt", "xx-Esercitazioni\14_persistenza-txt\14_persistenza-txt.csproj", "{50C959B1-3F9C-4F70-BE49-C405AA6F95AA}"
EndProject
Project("{FAE04EC0-301F-11D3-BF4B-00C04F79EFBC}") = "15_metodi-files", "xx-Esercitazioni\15_metodi-files\15_metodi-files.csproj", "{B775C8CB-E32B-4D5C-97B0-678DA7C5FD4B}"
EndProject
Project("{FAE04EC0-301F-11D3-BF4B-00C04F79EFBC}") = "14_sorteggio-partecipanti-txt", "Assignement\14_sorteggio-partecipanti-txt\14_sorteggio-partecipanti-txt.csproj", "{A6F9A995-4414-4275-8305-99ADE93BA807}"
EndProject
Project("{FAE04EC0-301F-11D3-BF4B-00C04F79EFBC}") = "15_indovina-numero-txt", "Assignement\15_indovina-numero-txt\15_indovina-numero-txt.csproj", "{FBDA6DEC-2482-4E48-B7C1-1C1C889E30D1}"
EndProject
Project("{FAE04EC0-301F-11D3-BF4B-00C04F79EFBC}") = "18_persistenza-csv", "xx-Esercitazioni\18_persistenza-csv\18_persistenza-csv.csproj", "{8A54ED65-7557-4D31-B18E-0A47BCAF6172}"
EndProject
Project("{FAE04EC0-301F-11D3-BF4B-00C04F79EFBC}") = "19_persistenza-json", "xx-Esercitazioni\19_persistenza-json\19_persistenza-json.csproj", "{3B0EB3A2-6006-4D91-8ED1-7AF862B09B48}"
EndProject
Project("{FAE04EC0-301F-11D3-BF4B-00C04F79EFBC}") = "16_indovina-numero-csv", "Assignement\16_indovina-numero-csv\16_indovina-numero-csv.csproj", "{6B8DB3EC-66B9-4057-BD99-4052A1D804BF}"
EndProject
Project("{FAE04EC0-301F-11D3-BF4B-00C04F79EFBC}") = "17_supermercato-completo", "Assignement\17_supermercato-completo\17_supermercato-completo.csproj", "{45F4CCFE-8FE9-4C69-9E6F-C18469CFA69C}"
EndProject
Project("{FAE04EC0-301F-11D3-BF4B-00C04F79EFBC}") = "20_classi-prima-parte", "xx-Esercitazioni\20_classi-prima-parte\20_classi-prima-parte.csproj", "{96C2E886-A176-4BC8-8FE1-86EE6F5940C9}"
EndProject
Project("{FAE04EC0-301F-11D3-BF4B-00C04F79EFBC}") = "21_classi-seconda-parte", "xx-Esercitazioni\21_classi-seconda-parte\21_classi-seconda-parte.csproj", "{C7881800-DFDC-4223-97A9-896C3EF7AF8D}"
EndProject
Project("{FAE04EC0-301F-11D3-BF4B-00C04F79EFBC}") = "22_classi-terza-parte", "xx-Esercitazioni\22_classi-terza-parte\22_classi-terza-parte.csproj", "{8C414B22-6040-42D2-B69C-FDA54DC453EC}"
EndProject
Project("{FAE04EC0-301F-11D3-BF4B-00C04F79EFBC}") = "23_classi-quarta-parte", "xx-Esercitazioni\23_classi-quarta-parte\23_classi-quarta-parte.csproj", "{0CA650B6-C603-46D8-AB37-DBB3094BAFDD}"
EndProject
Project("{FAE04EC0-301F-11D3-BF4B-00C04F79EFBC}") = "24_classi-quinta-parte", "xx-Esercitazioni\24_classi-quinta-parte\24_classi-quinta-parte.csproj", "{DA8CF262-0A43-40ED-BB59-53514004B66C}"
EndProject
Global
	GlobalSection(SolutionConfigurationPlatforms) = preSolution
		Debug|Any CPU = Debug|Any CPU
		Release|Any CPU = Release|Any CPU
	EndGlobalSection
	GlobalSection(SolutionProperties) = preSolution
		HideSolutionNode = FALSE
	EndGlobalSection
	GlobalSection(ProjectConfigurationPlatforms) = postSolution
		{05C0E73D-EE4E-45F7-95A2-E3538DD4B482}.Debug|Any CPU.ActiveCfg = Debug|Any CPU
		{05C0E73D-EE4E-45F7-95A2-E3538DD4B482}.Debug|Any CPU.Build.0 = Debug|Any CPU
		{05C0E73D-EE4E-45F7-95A2-E3538DD4B482}.Release|Any CPU.ActiveCfg = Release|Any CPU
		{05C0E73D-EE4E-45F7-95A2-E3538DD4B482}.Release|Any CPU.Build.0 = Release|Any CPU
		{4B45D115-52D9-4981-ADFD-36F23D161A79}.Debug|Any CPU.ActiveCfg = Debug|Any CPU
		{4B45D115-52D9-4981-ADFD-36F23D161A79}.Debug|Any CPU.Build.0 = Debug|Any CPU
		{4B45D115-52D9-4981-ADFD-36F23D161A79}.Release|Any CPU.ActiveCfg = Release|Any CPU
		{4B45D115-52D9-4981-ADFD-36F23D161A79}.Release|Any CPU.Build.0 = Release|Any CPU
		{F562E2A3-4D17-4875-97EE-74D1EDC5DD9F}.Debug|Any CPU.ActiveCfg = Debug|Any CPU
		{F562E2A3-4D17-4875-97EE-74D1EDC5DD9F}.Debug|Any CPU.Build.0 = Debug|Any CPU
		{F562E2A3-4D17-4875-97EE-74D1EDC5DD9F}.Release|Any CPU.ActiveCfg = Release|Any CPU
		{F562E2A3-4D17-4875-97EE-74D1EDC5DD9F}.Release|Any CPU.Build.0 = Release|Any CPU
		{9E9B8151-DF34-4198-BD71-AC405DA2492E}.Debug|Any CPU.ActiveCfg = Debug|Any CPU
		{9E9B8151-DF34-4198-BD71-AC405DA2492E}.Debug|Any CPU.Build.0 = Debug|Any CPU
		{9E9B8151-DF34-4198-BD71-AC405DA2492E}.Release|Any CPU.ActiveCfg = Release|Any CPU
		{9E9B8151-DF34-4198-BD71-AC405DA2492E}.Release|Any CPU.Build.0 = Release|Any CPU
		{D38E7204-E75C-44DE-BAF0-B2272436039D}.Debug|Any CPU.ActiveCfg = Debug|Any CPU
		{D38E7204-E75C-44DE-BAF0-B2272436039D}.Debug|Any CPU.Build.0 = Debug|Any CPU
		{D38E7204-E75C-44DE-BAF0-B2272436039D}.Release|Any CPU.ActiveCfg = Release|Any CPU
		{D38E7204-E75C-44DE-BAF0-B2272436039D}.Release|Any CPU.Build.0 = Release|Any CPU
		{B85B9573-DB65-470B-9EE7-DEB7BA26FA7E}.Debug|Any CPU.ActiveCfg = Debug|Any CPU
		{B85B9573-DB65-470B-9EE7-DEB7BA26FA7E}.Debug|Any CPU.Build.0 = Debug|Any CPU
		{B85B9573-DB65-470B-9EE7-DEB7BA26FA7E}.Release|Any CPU.ActiveCfg = Release|Any CPU
		{B85B9573-DB65-470B-9EE7-DEB7BA26FA7E}.Release|Any CPU.Build.0 = Release|Any CPU
		{48A63854-D187-4A91-8CCE-95B001536631}.Debug|Any CPU.ActiveCfg = Debug|Any CPU
		{48A63854-D187-4A91-8CCE-95B001536631}.Debug|Any CPU.Build.0 = Debug|Any CPU
		{48A63854-D187-4A91-8CCE-95B001536631}.Release|Any CPU.ActiveCfg = Release|Any CPU
		{48A63854-D187-4A91-8CCE-95B001536631}.Release|Any CPU.Build.0 = Release|Any CPU
		{DA68AB8D-B427-409E-B32D-06856F8A7C25}.Debug|Any CPU.ActiveCfg = Debug|Any CPU
		{DA68AB8D-B427-409E-B32D-06856F8A7C25}.Debug|Any CPU.Build.0 = Debug|Any CPU
		{DA68AB8D-B427-409E-B32D-06856F8A7C25}.Release|Any CPU.ActiveCfg = Release|Any CPU
		{DA68AB8D-B427-409E-B32D-06856F8A7C25}.Release|Any CPU.Build.0 = Release|Any CPU
		{3A733450-B073-4226-B8FD-191D3D19F77D}.Debug|Any CPU.ActiveCfg = Debug|Any CPU
		{3A733450-B073-4226-B8FD-191D3D19F77D}.Debug|Any CPU.Build.0 = Debug|Any CPU
		{3A733450-B073-4226-B8FD-191D3D19F77D}.Release|Any CPU.ActiveCfg = Release|Any CPU
		{3A733450-B073-4226-B8FD-191D3D19F77D}.Release|Any CPU.Build.0 = Release|Any CPU
		{FF8D7874-5DC6-4E2E-976A-B90069232B3B}.Debug|Any CPU.ActiveCfg = Debug|Any CPU
		{FF8D7874-5DC6-4E2E-976A-B90069232B3B}.Debug|Any CPU.Build.0 = Debug|Any CPU
		{FF8D7874-5DC6-4E2E-976A-B90069232B3B}.Release|Any CPU.ActiveCfg = Release|Any CPU
		{FF8D7874-5DC6-4E2E-976A-B90069232B3B}.Release|Any CPU.Build.0 = Release|Any CPU
		{08598D49-D172-47D1-9B3D-158AA49E0D52}.Debug|Any CPU.ActiveCfg = Debug|Any CPU
		{08598D49-D172-47D1-9B3D-158AA49E0D52}.Debug|Any CPU.Build.0 = Debug|Any CPU
		{08598D49-D172-47D1-9B3D-158AA49E0D52}.Release|Any CPU.ActiveCfg = Release|Any CPU
		{08598D49-D172-47D1-9B3D-158AA49E0D52}.Release|Any CPU.Build.0 = Release|Any CPU
		{12B56C84-EFF3-4E66-BEA8-EF61B2235B51}.Debug|Any CPU.ActiveCfg = Debug|Any CPU
		{12B56C84-EFF3-4E66-BEA8-EF61B2235B51}.Debug|Any CPU.Build.0 = Debug|Any CPU
		{12B56C84-EFF3-4E66-BEA8-EF61B2235B51}.Release|Any CPU.ActiveCfg = Release|Any CPU
		{12B56C84-EFF3-4E66-BEA8-EF61B2235B51}.Release|Any CPU.Build.0 = Release|Any CPU
		{B00107EC-D5B0-438B-9908-C798060D6E3C}.Debug|Any CPU.ActiveCfg = Debug|Any CPU
		{B00107EC-D5B0-438B-9908-C798060D6E3C}.Debug|Any CPU.Build.0 = Debug|Any CPU
		{B00107EC-D5B0-438B-9908-C798060D6E3C}.Release|Any CPU.ActiveCfg = Release|Any CPU
		{B00107EC-D5B0-438B-9908-C798060D6E3C}.Release|Any CPU.Build.0 = Release|Any CPU
		{6C6B6796-DD2F-42C6-9CA1-FA7D8323B46E}.Debug|Any CPU.ActiveCfg = Debug|Any CPU
		{6C6B6796-DD2F-42C6-9CA1-FA7D8323B46E}.Debug|Any CPU.Build.0 = Debug|Any CPU
		{6C6B6796-DD2F-42C6-9CA1-FA7D8323B46E}.Release|Any CPU.ActiveCfg = Release|Any CPU
		{6C6B6796-DD2F-42C6-9CA1-FA7D8323B46E}.Release|Any CPU.Build.0 = Release|Any CPU
		{9C266FDE-1279-4613-8157-75F874F495EB}.Debug|Any CPU.ActiveCfg = Debug|Any CPU
		{9C266FDE-1279-4613-8157-75F874F495EB}.Debug|Any CPU.Build.0 = Debug|Any CPU
		{9C266FDE-1279-4613-8157-75F874F495EB}.Release|Any CPU.ActiveCfg = Release|Any CPU
		{9C266FDE-1279-4613-8157-75F874F495EB}.Release|Any CPU.Build.0 = Release|Any CPU
		{C251B666-81BD-46E5-8D92-B93078BFF4EB}.Debug|Any CPU.ActiveCfg = Debug|Any CPU
		{C251B666-81BD-46E5-8D92-B93078BFF4EB}.Debug|Any CPU.Build.0 = Debug|Any CPU
		{C251B666-81BD-46E5-8D92-B93078BFF4EB}.Release|Any CPU.ActiveCfg = Release|Any CPU
		{C251B666-81BD-46E5-8D92-B93078BFF4EB}.Release|Any CPU.Build.0 = Release|Any CPU
		{E069E514-0A32-4AEF-8FFE-986F8C242E8B}.Debug|Any CPU.ActiveCfg = Debug|Any CPU
		{E069E514-0A32-4AEF-8FFE-986F8C242E8B}.Debug|Any CPU.Build.0 = Debug|Any CPU
		{E069E514-0A32-4AEF-8FFE-986F8C242E8B}.Release|Any CPU.ActiveCfg = Release|Any CPU
		{E069E514-0A32-4AEF-8FFE-986F8C242E8B}.Release|Any CPU.Build.0 = Release|Any CPU
		{B67BB8DA-9A36-4171-9D3B-E0ACCFED5484}.Debug|Any CPU.ActiveCfg = Debug|Any CPU
		{B67BB8DA-9A36-4171-9D3B-E0ACCFED5484}.Debug|Any CPU.Build.0 = Debug|Any CPU
		{B67BB8DA-9A36-4171-9D3B-E0ACCFED5484}.Release|Any CPU.ActiveCfg = Release|Any CPU
		{B67BB8DA-9A36-4171-9D3B-E0ACCFED5484}.Release|Any CPU.Build.0 = Release|Any CPU
		{00DDFFA8-BA9D-4652-BC72-4AAF0D7C5D33}.Debug|Any CPU.ActiveCfg = Debug|Any CPU
		{00DDFFA8-BA9D-4652-BC72-4AAF0D7C5D33}.Debug|Any CPU.Build.0 = Debug|Any CPU
		{00DDFFA8-BA9D-4652-BC72-4AAF0D7C5D33}.Release|Any CPU.ActiveCfg = Release|Any CPU
		{00DDFFA8-BA9D-4652-BC72-4AAF0D7C5D33}.Release|Any CPU.Build.0 = Release|Any CPU
		{330B6994-2F1B-45D2-B078-FB8AC79CFC74}.Debug|Any CPU.ActiveCfg = Debug|Any CPU
		{330B6994-2F1B-45D2-B078-FB8AC79CFC74}.Debug|Any CPU.Build.0 = Debug|Any CPU
		{330B6994-2F1B-45D2-B078-FB8AC79CFC74}.Release|Any CPU.ActiveCfg = Release|Any CPU
		{330B6994-2F1B-45D2-B078-FB8AC79CFC74}.Release|Any CPU.Build.0 = Release|Any CPU
		{7B75CC94-FA40-4C38-A202-72BA6EA1BB40}.Debug|Any CPU.ActiveCfg = Debug|Any CPU
		{7B75CC94-FA40-4C38-A202-72BA6EA1BB40}.Debug|Any CPU.Build.0 = Debug|Any CPU
		{7B75CC94-FA40-4C38-A202-72BA6EA1BB40}.Release|Any CPU.ActiveCfg = Release|Any CPU
		{7B75CC94-FA40-4C38-A202-72BA6EA1BB40}.Release|Any CPU.Build.0 = Release|Any CPU
		{1C8A0402-7FA3-492E-847E-89C4D9935895}.Debug|Any CPU.ActiveCfg = Debug|Any CPU
		{1C8A0402-7FA3-492E-847E-89C4D9935895}.Debug|Any CPU.Build.0 = Debug|Any CPU
		{1C8A0402-7FA3-492E-847E-89C4D9935895}.Release|Any CPU.ActiveCfg = Release|Any CPU
		{1C8A0402-7FA3-492E-847E-89C4D9935895}.Release|Any CPU.Build.0 = Release|Any CPU
		{0FEE2059-0F09-4F5A-85E7-6EC82A818FCE}.Debug|Any CPU.ActiveCfg = Debug|Any CPU
		{0FEE2059-0F09-4F5A-85E7-6EC82A818FCE}.Debug|Any CPU.Build.0 = Debug|Any CPU
		{0FEE2059-0F09-4F5A-85E7-6EC82A818FCE}.Release|Any CPU.ActiveCfg = Release|Any CPU
		{0FEE2059-0F09-4F5A-85E7-6EC82A818FCE}.Release|Any CPU.Build.0 = Release|Any CPU
		{88210EC8-053A-46A5-BC9F-B771090058B5}.Debug|Any CPU.ActiveCfg = Debug|Any CPU
		{88210EC8-053A-46A5-BC9F-B771090058B5}.Debug|Any CPU.Build.0 = Debug|Any CPU
		{88210EC8-053A-46A5-BC9F-B771090058B5}.Release|Any CPU.ActiveCfg = Release|Any CPU
		{88210EC8-053A-46A5-BC9F-B771090058B5}.Release|Any CPU.Build.0 = Release|Any CPU
		{50C959B1-3F9C-4F70-BE49-C405AA6F95AA}.Debug|Any CPU.ActiveCfg = Debug|Any CPU
		{50C959B1-3F9C-4F70-BE49-C405AA6F95AA}.Debug|Any CPU.Build.0 = Debug|Any CPU
		{50C959B1-3F9C-4F70-BE49-C405AA6F95AA}.Release|Any CPU.ActiveCfg = Release|Any CPU
		{50C959B1-3F9C-4F70-BE49-C405AA6F95AA}.Release|Any CPU.Build.0 = Release|Any CPU
		{B775C8CB-E32B-4D5C-97B0-678DA7C5FD4B}.Debug|Any CPU.ActiveCfg = Debug|Any CPU
		{B775C8CB-E32B-4D5C-97B0-678DA7C5FD4B}.Debug|Any CPU.Build.0 = Debug|Any CPU
		{B775C8CB-E32B-4D5C-97B0-678DA7C5FD4B}.Release|Any CPU.ActiveCfg = Release|Any CPU
		{B775C8CB-E32B-4D5C-97B0-678DA7C5FD4B}.Release|Any CPU.Build.0 = Release|Any CPU
		{A6F9A995-4414-4275-8305-99ADE93BA807}.Debug|Any CPU.ActiveCfg = Debug|Any CPU
		{A6F9A995-4414-4275-8305-99ADE93BA807}.Debug|Any CPU.Build.0 = Debug|Any CPU
		{A6F9A995-4414-4275-8305-99ADE93BA807}.Release|Any CPU.ActiveCfg = Release|Any CPU
		{A6F9A995-4414-4275-8305-99ADE93BA807}.Release|Any CPU.Build.0 = Release|Any CPU
		{FBDA6DEC-2482-4E48-B7C1-1C1C889E30D1}.Debug|Any CPU.ActiveCfg = Debug|Any CPU
		{FBDA6DEC-2482-4E48-B7C1-1C1C889E30D1}.Debug|Any CPU.Build.0 = Debug|Any CPU
		{FBDA6DEC-2482-4E48-B7C1-1C1C889E30D1}.Release|Any CPU.ActiveCfg = Release|Any CPU
		{FBDA6DEC-2482-4E48-B7C1-1C1C889E30D1}.Release|Any CPU.Build.0 = Release|Any CPU
		{8A54ED65-7557-4D31-B18E-0A47BCAF6172}.Debug|Any CPU.ActiveCfg = Debug|Any CPU
		{8A54ED65-7557-4D31-B18E-0A47BCAF6172}.Debug|Any CPU.Build.0 = Debug|Any CPU
		{8A54ED65-7557-4D31-B18E-0A47BCAF6172}.Release|Any CPU.ActiveCfg = Release|Any CPU
		{8A54ED65-7557-4D31-B18E-0A47BCAF6172}.Release|Any CPU.Build.0 = Release|Any CPU
		{3B0EB3A2-6006-4D91-8ED1-7AF862B09B48}.Debug|Any CPU.ActiveCfg = Debug|Any CPU
		{3B0EB3A2-6006-4D91-8ED1-7AF862B09B48}.Debug|Any CPU.Build.0 = Debug|Any CPU
		{3B0EB3A2-6006-4D91-8ED1-7AF862B09B48}.Release|Any CPU.ActiveCfg = Release|Any CPU
		{3B0EB3A2-6006-4D91-8ED1-7AF862B09B48}.Release|Any CPU.Build.0 = Release|Any CPU
		{6B8DB3EC-66B9-4057-BD99-4052A1D804BF}.Debug|Any CPU.ActiveCfg = Debug|Any CPU
		{6B8DB3EC-66B9-4057-BD99-4052A1D804BF}.Debug|Any CPU.Build.0 = Debug|Any CPU
		{6B8DB3EC-66B9-4057-BD99-4052A1D804BF}.Release|Any CPU.ActiveCfg = Release|Any CPU
		{6B8DB3EC-66B9-4057-BD99-4052A1D804BF}.Release|Any CPU.Build.0 = Release|Any CPU
		{45F4CCFE-8FE9-4C69-9E6F-C18469CFA69C}.Debug|Any CPU.ActiveCfg = Debug|Any CPU
		{45F4CCFE-8FE9-4C69-9E6F-C18469CFA69C}.Debug|Any CPU.Build.0 = Debug|Any CPU
		{45F4CCFE-8FE9-4C69-9E6F-C18469CFA69C}.Release|Any CPU.ActiveCfg = Release|Any CPU
		{45F4CCFE-8FE9-4C69-9E6F-C18469CFA69C}.Release|Any CPU.Build.0 = Release|Any CPU
		{96C2E886-A176-4BC8-8FE1-86EE6F5940C9}.Debug|Any CPU.ActiveCfg = Debug|Any CPU
		{96C2E886-A176-4BC8-8FE1-86EE6F5940C9}.Debug|Any CPU.Build.0 = Debug|Any CPU
		{96C2E886-A176-4BC8-8FE1-86EE6F5940C9}.Release|Any CPU.ActiveCfg = Release|Any CPU
		{96C2E886-A176-4BC8-8FE1-86EE6F5940C9}.Release|Any CPU.Build.0 = Release|Any CPU
		{C7881800-DFDC-4223-97A9-896C3EF7AF8D}.Debug|Any CPU.ActiveCfg = Debug|Any CPU
		{C7881800-DFDC-4223-97A9-896C3EF7AF8D}.Debug|Any CPU.Build.0 = Debug|Any CPU
		{C7881800-DFDC-4223-97A9-896C3EF7AF8D}.Release|Any CPU.ActiveCfg = Release|Any CPU
		{C7881800-DFDC-4223-97A9-896C3EF7AF8D}.Release|Any CPU.Build.0 = Release|Any CPU
		{8C414B22-6040-42D2-B69C-FDA54DC453EC}.Debug|Any CPU.ActiveCfg = Debug|Any CPU
		{8C414B22-6040-42D2-B69C-FDA54DC453EC}.Debug|Any CPU.Build.0 = Debug|Any CPU
		{8C414B22-6040-42D2-B69C-FDA54DC453EC}.Release|Any CPU.ActiveCfg = Release|Any CPU
		{8C414B22-6040-42D2-B69C-FDA54DC453EC}.Release|Any CPU.Build.0 = Release|Any CPU
		{0CA650B6-C603-46D8-AB37-DBB3094BAFDD}.Debug|Any CPU.ActiveCfg = Debug|Any CPU
		{0CA650B6-C603-46D8-AB37-DBB3094BAFDD}.Debug|Any CPU.Build.0 = Debug|Any CPU
		{0CA650B6-C603-46D8-AB37-DBB3094BAFDD}.Release|Any CPU.ActiveCfg = Release|Any CPU
		{0CA650B6-C603-46D8-AB37-DBB3094BAFDD}.Release|Any CPU.Build.0 = Release|Any CPU
		{DA8CF262-0A43-40ED-BB59-53514004B66C}.Debug|Any CPU.ActiveCfg = Debug|Any CPU
		{DA8CF262-0A43-40ED-BB59-53514004B66C}.Debug|Any CPU.Build.0 = Debug|Any CPU
		{DA8CF262-0A43-40ED-BB59-53514004B66C}.Release|Any CPU.ActiveCfg = Release|Any CPU
		{DA8CF262-0A43-40ED-BB59-53514004B66C}.Release|Any CPU.Build.0 = Release|Any CPU
	EndGlobalSection
	GlobalSection(NestedProjects) = preSolution
		{05C0E73D-EE4E-45F7-95A2-E3538DD4B482} = {BCCE0FA6-2F24-4B84-B00E-555E414A6146}
		{4B45D115-52D9-4981-ADFD-36F23D161A79} = {BCCE0FA6-2F24-4B84-B00E-555E414A6146}
		{F562E2A3-4D17-4875-97EE-74D1EDC5DD9F} = {BCCE0FA6-2F24-4B84-B00E-555E414A6146}
		{9E9B8151-DF34-4198-BD71-AC405DA2492E} = {BCCE0FA6-2F24-4B84-B00E-555E414A6146}
		{D38E7204-E75C-44DE-BAF0-B2272436039D} = {BCCE0FA6-2F24-4B84-B00E-555E414A6146}
		{B85B9573-DB65-470B-9EE7-DEB7BA26FA7E} = {BCCE0FA6-2F24-4B84-B00E-555E414A6146}
		{48A63854-D187-4A91-8CCE-95B001536631} = {BCCE0FA6-2F24-4B84-B00E-555E414A6146}
		{DA68AB8D-B427-409E-B32D-06856F8A7C25} = {C7D08AF8-3F9D-47F8-AF21-DDB6892ABE38}
		{3A733450-B073-4226-B8FD-191D3D19F77D} = {BCCE0FA6-2F24-4B84-B00E-555E414A6146}
		{FF8D7874-5DC6-4E2E-976A-B90069232B3B} = {C7D08AF8-3F9D-47F8-AF21-DDB6892ABE38}
		{08598D49-D172-47D1-9B3D-158AA49E0D52} = {BCCE0FA6-2F24-4B84-B00E-555E414A6146}
		{12B56C84-EFF3-4E66-BEA8-EF61B2235B51} = {BCCE0FA6-2F24-4B84-B00E-555E414A6146}
		{B00107EC-D5B0-438B-9908-C798060D6E3C} = {BCCE0FA6-2F24-4B84-B00E-555E414A6146}
		{6C6B6796-DD2F-42C6-9CA1-FA7D8323B46E} = {C7D08AF8-3F9D-47F8-AF21-DDB6892ABE38}
		{9C266FDE-1279-4613-8157-75F874F495EB} = {BCCE0FA6-2F24-4B84-B00E-555E414A6146}
		{C251B666-81BD-46E5-8D92-B93078BFF4EB} = {C7D08AF8-3F9D-47F8-AF21-DDB6892ABE38}
		{E069E514-0A32-4AEF-8FFE-986F8C242E8B} = {C7D08AF8-3F9D-47F8-AF21-DDB6892ABE38}
		{B67BB8DA-9A36-4171-9D3B-E0ACCFED5484} = {C7D08AF8-3F9D-47F8-AF21-DDB6892ABE38}
		{00DDFFA8-BA9D-4652-BC72-4AAF0D7C5D33} = {BCCE0FA6-2F24-4B84-B00E-555E414A6146}
		{330B6994-2F1B-45D2-B078-FB8AC79CFC74} = {C7D08AF8-3F9D-47F8-AF21-DDB6892ABE38}
		{7B75CC94-FA40-4C38-A202-72BA6EA1BB40} = {C7D08AF8-3F9D-47F8-AF21-DDB6892ABE38}
		{1C8A0402-7FA3-492E-847E-89C4D9935895} = {C7D08AF8-3F9D-47F8-AF21-DDB6892ABE38}
		{0FEE2059-0F09-4F5A-85E7-6EC82A818FCE} = {C7D08AF8-3F9D-47F8-AF21-DDB6892ABE38}
		{88210EC8-053A-46A5-BC9F-B771090058B5} = {C7D08AF8-3F9D-47F8-AF21-DDB6892ABE38}
		{50C959B1-3F9C-4F70-BE49-C405AA6F95AA} = {BCCE0FA6-2F24-4B84-B00E-555E414A6146}
		{B775C8CB-E32B-4D5C-97B0-678DA7C5FD4B} = {BCCE0FA6-2F24-4B84-B00E-555E414A6146}
		{A6F9A995-4414-4275-8305-99ADE93BA807} = {C7D08AF8-3F9D-47F8-AF21-DDB6892ABE38}
		{FBDA6DEC-2482-4E48-B7C1-1C1C889E30D1} = {C7D08AF8-3F9D-47F8-AF21-DDB6892ABE38}
		{8A54ED65-7557-4D31-B18E-0A47BCAF6172} = {BCCE0FA6-2F24-4B84-B00E-555E414A6146}
		{3B0EB3A2-6006-4D91-8ED1-7AF862B09B48} = {BCCE0FA6-2F24-4B84-B00E-555E414A6146}
		{6B8DB3EC-66B9-4057-BD99-4052A1D804BF} = {C7D08AF8-3F9D-47F8-AF21-DDB6892ABE38}
		{45F4CCFE-8FE9-4C69-9E6F-C18469CFA69C} = {C7D08AF8-3F9D-47F8-AF21-DDB6892ABE38}
		{96C2E886-A176-4BC8-8FE1-86EE6F5940C9} = {BCCE0FA6-2F24-4B84-B00E-555E414A6146}
		{C7881800-DFDC-4223-97A9-896C3EF7AF8D} = {BCCE0FA6-2F24-4B84-B00E-555E414A6146}
		{8C414B22-6040-42D2-B69C-FDA54DC453EC} = {BCCE0FA6-2F24-4B84-B00E-555E414A6146}
		{0CA650B6-C603-46D8-AB37-DBB3094BAFDD} = {BCCE0FA6-2F24-4B84-B00E-555E414A6146}
		{DA8CF262-0A43-40ED-BB59-53514004B66C} = {BCCE0FA6-2F24-4B84-B00E-555E414A6146}
	EndGlobalSection
EndGlobal
