
Microsoft Visual Studio Solution File, Format Version 12.00
# Visual Studio Version 17
VisualStudioVersion = 17.0.31903.59
MinimumVisualStudioVersion = 10.0.40219.1
Project("{2150E333-8FDC-42A3-9474-1A3956D46DE8}") = "xx-Esercitazioni", "xx-Esercitazioni", "{8EA47A8C-1131-4F3B-ACBF-D78DDB22C345}"
EndProject
Project("{FAE04EC0-301F-11D3-BF4B-00C04F79EFBC}") = "01_metodi-console", "xx-Esercitazioni\01_metodi-console\01_metodi-console.csproj", "{C69F3C7C-7706-4550-8814-9EAE17A07681}"
EndProject
Project("{FAE04EC0-301F-11D3-BF4B-00C04F79EFBC}") = "02_tipi-di-dati", "xx-Esercitazioni\02_tipi-di-dati\02_tipi-di-dati.csproj", "{3031B690-B523-4348-A031-2CAA90F3797E}"
EndProject
Project("{FAE04EC0-301F-11D3-BF4B-00C04F79EFBC}") = "03_operatori", "xx-Esercitazioni\03_operatori\03_operatori.csproj", "{E086E5F3-C6C7-412E-9B9C-2DDF038E15C9}"
EndProject
Project("{FAE04EC0-301F-11D3-BF4B-00C04F79EFBC}") = "04_condizioni", "xx-Esercitazioni\04_condizioni\04_condizioni.csproj", "{A0B88A39-67DD-4102-8DAC-E87CA69AA169}"
EndProject
Project("{FAE04EC0-301F-11D3-BF4B-00C04F79EFBC}") = "05_cicli", "xx-Esercitazioni\05_cicli\05_cicli.csproj", "{1412F9DB-9CF3-41DE-8457-EF265C24827A}"
EndProject
Project("{FAE04EC0-301F-11D3-BF4B-00C04F79EFBC}") = "06_metodi-array", "xx-Esercitazioni\06_metodi-array\06_metodi-array.csproj", "{662AAFF8-DE7C-43F8-BC07-25467DAC8392}"
EndProject
Project("{FAE04EC0-301F-11D3-BF4B-00C04F79EFBC}") = "07_metodi-list", "xx-Esercitazioni\07_metodi-list\07_metodi-list.csproj", "{D2BD6753-51E9-4DB4-B0CA-C8C66A1A80B2}"
EndProject
Project("{FAE04EC0-301F-11D3-BF4B-00C04F79EFBC}") = "Assignement", "Assignement\Assignement.csproj", "{F76D99EC-3B00-4877-876C-A845A481B467}"
EndProject
Global
	GlobalSection(SolutionConfigurationPlatforms) = preSolution
		Debug|Any CPU = Debug|Any CPU
		Release|Any CPU = Release|Any CPU
	EndGlobalSection
	GlobalSection(SolutionProperties) = preSolution
		HideSolutionNode = FALSE
	EndGlobalSection
	GlobalSection(ProjectConfigurationPlatforms) = postSolution
		{C69F3C7C-7706-4550-8814-9EAE17A07681}.Debug|Any CPU.ActiveCfg = Debug|Any CPU
		{C69F3C7C-7706-4550-8814-9EAE17A07681}.Debug|Any CPU.Build.0 = Debug|Any CPU
		{C69F3C7C-7706-4550-8814-9EAE17A07681}.Release|Any CPU.ActiveCfg = Release|Any CPU
		{C69F3C7C-7706-4550-8814-9EAE17A07681}.Release|Any CPU.Build.0 = Release|Any CPU
		{3031B690-B523-4348-A031-2CAA90F3797E}.Debug|Any CPU.ActiveCfg = Debug|Any CPU
		{3031B690-B523-4348-A031-2CAA90F3797E}.Debug|Any CPU.Build.0 = Debug|Any CPU
		{3031B690-B523-4348-A031-2CAA90F3797E}.Release|Any CPU.ActiveCfg = Release|Any CPU
		{3031B690-B523-4348-A031-2CAA90F3797E}.Release|Any CPU.Build.0 = Release|Any CPU
		{E086E5F3-C6C7-412E-9B9C-2DDF038E15C9}.Debug|Any CPU.ActiveCfg = Debug|Any CPU
		{E086E5F3-C6C7-412E-9B9C-2DDF038E15C9}.Debug|Any CPU.Build.0 = Debug|Any CPU
		{E086E5F3-C6C7-412E-9B9C-2DDF038E15C9}.Release|Any CPU.ActiveCfg = Release|Any CPU
		{E086E5F3-C6C7-412E-9B9C-2DDF038E15C9}.Release|Any CPU.Build.0 = Release|Any CPU
		{A0B88A39-67DD-4102-8DAC-E87CA69AA169}.Debug|Any CPU.ActiveCfg = Debug|Any CPU
		{A0B88A39-67DD-4102-8DAC-E87CA69AA169}.Debug|Any CPU.Build.0 = Debug|Any CPU
		{A0B88A39-67DD-4102-8DAC-E87CA69AA169}.Release|Any CPU.ActiveCfg = Release|Any CPU
		{A0B88A39-67DD-4102-8DAC-E87CA69AA169}.Release|Any CPU.Build.0 = Release|Any CPU
		{1412F9DB-9CF3-41DE-8457-EF265C24827A}.Debug|Any CPU.ActiveCfg = Debug|Any CPU
		{1412F9DB-9CF3-41DE-8457-EF265C24827A}.Debug|Any CPU.Build.0 = Debug|Any CPU
		{1412F9DB-9CF3-41DE-8457-EF265C24827A}.Release|Any CPU.ActiveCfg = Release|Any CPU
		{1412F9DB-9CF3-41DE-8457-EF265C24827A}.Release|Any CPU.Build.0 = Release|Any CPU
		{662AAFF8-DE7C-43F8-BC07-25467DAC8392}.Debug|Any CPU.ActiveCfg = Debug|Any CPU
		{662AAFF8-DE7C-43F8-BC07-25467DAC8392}.Debug|Any CPU.Build.0 = Debug|Any CPU
		{662AAFF8-DE7C-43F8-BC07-25467DAC8392}.Release|Any CPU.ActiveCfg = Release|Any CPU
		{662AAFF8-DE7C-43F8-BC07-25467DAC8392}.Release|Any CPU.Build.0 = Release|Any CPU
		{D2BD6753-51E9-4DB4-B0CA-C8C66A1A80B2}.Debug|Any CPU.ActiveCfg = Debug|Any CPU
		{D2BD6753-51E9-4DB4-B0CA-C8C66A1A80B2}.Debug|Any CPU.Build.0 = Debug|Any CPU
		{D2BD6753-51E9-4DB4-B0CA-C8C66A1A80B2}.Release|Any CPU.ActiveCfg = Release|Any CPU
		{D2BD6753-51E9-4DB4-B0CA-C8C66A1A80B2}.Release|Any CPU.Build.0 = Release|Any CPU
		{F76D99EC-3B00-4877-876C-A845A481B467}.Debug|Any CPU.ActiveCfg = Debug|Any CPU
		{F76D99EC-3B00-4877-876C-A845A481B467}.Debug|Any CPU.Build.0 = Debug|Any CPU
		{F76D99EC-3B00-4877-876C-A845A481B467}.Release|Any CPU.ActiveCfg = Release|Any CPU
		{F76D99EC-3B00-4877-876C-A845A481B467}.Release|Any CPU.Build.0 = Release|Any CPU
	EndGlobalSection
	GlobalSection(NestedProjects) = preSolution
		{C69F3C7C-7706-4550-8814-9EAE17A07681} = {8EA47A8C-1131-4F3B-ACBF-D78DDB22C345}
		{3031B690-B523-4348-A031-2CAA90F3797E} = {8EA47A8C-1131-4F3B-ACBF-D78DDB22C345}
		{E086E5F3-C6C7-412E-9B9C-2DDF038E15C9} = {8EA47A8C-1131-4F3B-ACBF-D78DDB22C345}
		{A0B88A39-67DD-4102-8DAC-E87CA69AA169} = {8EA47A8C-1131-4F3B-ACBF-D78DDB22C345}
		{1412F9DB-9CF3-41DE-8457-EF265C24827A} = {8EA47A8C-1131-4F3B-ACBF-D78DDB22C345}
		{662AAFF8-DE7C-43F8-BC07-25467DAC8392} = {8EA47A8C-1131-4F3B-ACBF-D78DDB22C345}
		{D2BD6753-51E9-4DB4-B0CA-C8C66A1A80B2} = {8EA47A8C-1131-4F3B-ACBF-D78DDB22C345}
	EndGlobalSection
EndGlobal
